github.com/ryanrmg/projectx-api v0.0.5 h1:yNW6Iy6/PAKh6YCEgty1xQbMxX4EHieLxejUwoAbwiM=
github.com/ryanrmg/projectx-api v0.0.5/go.mod h1:Bq5vD64McFKQTXTnjkPQGe6cjOI0wAwCppXw47Nhahw=
github.com/ryanrmg/projectx-api v0.0.6 h1:X4oNlYA4GFPTcF1r9tAJpxOePbWlfwUwsyFvFXdygO4=
github.com/ryanrmg/projectx-api v0.0.6/go.mod h1:Bq5vD64McFKQTXTnjkPQGe6cjOI0wAwCppXw47Nhahw=
github.com/ryanrmg/projectx-api v0.0.7 h1:jSAYL2tgd2NQnmArWmw+JytXYlmuNC1ptMLHYl9WLh4=
github.com/ryanrmg/projectx-api v0.0.7/go.mod h1:Bq5vD64McFKQTXTnjkPQGe6cjOI0wAwCppXw47Nhahw=
